// !$*UTF8*$!
{
	archiveVersion = 1;
	classes = {
	};
	objectVersion = 46;
	objects = {

/* Begin PBXBuildFile section */
		0ACC007E1B7D0B81001F4902 /* main.m in Sources */ = {isa = PBXBuildFile; fileRef = 0ACC007D1B7D0B81001F4902 /* main.m */; };
		0ACC00891B7D0B81001F4902 /* Images.xcassets in Resources */ = {isa = PBXBuildFile; fileRef = 0ACC00881B7D0B81001F4902 /* Images.xcassets */; };
		0ACC00981B7D0B81001F4902 /* SLTopTabbarTests.m in Sources */ = {isa = PBXBuildFile; fileRef = 0ACC00971B7D0B81001F4902 /* SLTopTabbarTests.m */; };
		0ACC00A31B7D0BC2001F4902 /* SLAppDelegate.m in Sources */ = {isa = PBXBuildFile; fileRef = 0ACC00A21B7D0BC2001F4902 /* SLAppDelegate.m */; };
		0ACC00A61B7D7C9A001F4902 /* SLViewController.m in Sources */ = {isa = PBXBuildFile; fileRef = 0ACC00A51B7D7C9A001F4902 /* SLViewController.m */; };
		0ACC00A91B7D7CAF001F4902 /* SLTopTabbarController.m in Sources */ = {isa = PBXBuildFile; fileRef = 0ACC00A81B7D7CAF001F4902 /* SLTopTabbarController.m */; };
		0ACC00AC1B7D935E001F4902 /* SLTopTabbar.m in Sources */ = {isa = PBXBuildFile; fileRef = 0ACC00AB1B7D935E001F4902 /* SLTopTabbar.m */; };
/* End PBXBuildFile section */

/* Begin PBXContainerItemProxy section */
		0ACC00921B7D0B81001F4902 /* PBXContainerItemProxy */ = {
			isa = PBXContainerItemProxy;
			containerPortal = 0ACC00701B7D0B81001F4902 /* Project object */;
			proxyType = 1;
			remoteGlobalIDString = 0ACC00771B7D0B81001F4902;
			remoteInfo = SLTopTabbar;
		};
/* End PBXContainerItemProxy section */

/* Begin PBXFileReference section */
		0ACC00781B7D0B81001F4902 /* SLTopTabbar.app */ = {isa = PBXFileReference; explicitFileType = wrapper.application; includeInIndex = 0; path = SLTopTabbar.app; sourceTree = BUILT_PRODUCTS_DIR; };
		0ACC007C1B7D0B81001F4902 /* Info.plist */ = {isa = PBXFileReference; lastKnownFileType = text.plist.xml; path = Info.plist; sourceTree = "<group>"; };
		0ACC007D1B7D0B81001F4902 /* main.m */ = {isa = PBXFileReference; lastKnownFileType = sourcecode.c.objc; path = main.m; sourceTree = "<group>"; };
		0ACC00881B7D0B81001F4902 /* Images.xcassets */ = {isa = PBXFileReference; lastKnownFileType = folder.assetcatalog; path = Images.xcassets; sourceTree = "<group>"; };
		0ACC00911B7D0B81001F4902 /* SLTopTabbarTests.xctest */ = {isa = PBXFileReference; explicitFileType = wrapper.cfbundle; includeInIndex = 0; path = SLTopTabbarTests.xctest; sourceTree = BUILT_PRODUCTS_DIR; };
		0ACC00961B7D0B81001F4902 /* Info.plist */ = {isa = PBXFileReference; lastKnownFileType = text.plist.xml; path = Info.plist; sourceTree = "<group>"; };
		0ACC00971B7D0B81001F4902 /* SLTopTabbarTests.m */ = {isa = PBXFileReference; lastKnownFileType = sourcecode.c.objc; path = SLTopTabbarTests.m; sourceTree = "<group>"; };
		0ACC00A11B7D0BC2001F4902 /* SLAppDelegate.h */ = {isa = PBXFileReference; fileEncoding = 4; lastKnownFileType = sourcecode.c.h; path = SLAppDelegate.h; sourceTree = "<group>"; };
		0ACC00A21B7D0BC2001F4902 /* SLAppDelegate.m */ = {isa = PBXFileReference; fileEncoding = 4; lastKnownFileType = sourcecode.c.objc; path = SLAppDelegate.m; sourceTree = "<group>"; };
		0ACC00A41B7D7C9A001F4902 /* SLViewController.h */ = {isa = PBXFileReference; fileEncoding = 4; lastKnownFileType = sourcecode.c.h; path = SLViewController.h; sourceTree = "<group>"; };
		0ACC00A51B7D7C9A001F4902 /* SLViewController.m */ = {isa = PBXFileReference; fileEncoding = 4; lastKnownFileType = sourcecode.c.objc; path = SLViewController.m; sourceTree = "<group>"; };
		0ACC00A71B7D7CAF001F4902 /* SLTopTabbarController.h */ = {isa = PBXFileReference; fileEncoding = 4; lastKnownFileType = sourcecode.c.h; path = SLTopTabbarController.h; sourceTree = "<group>"; };
		0ACC00A81B7D7CAF001F4902 /* SLTopTabbarController.m */ = {isa = PBXFileReference; fileEncoding = 4; lastKnownFileType = sourcecode.c.objc; path = SLTopTabbarController.m; sourceTree = "<group>"; };
		0ACC00AA1B7D935E001F4902 /* SLTopTabbar.h */ = {isa = PBXFileReference; fileEncoding = 4; lastKnownFileType = sourcecode.c.h; path = SLTopTabbar.h; sourceTree = "<group>"; };
		0ACC00AB1B7D935E001F4902 /* SLTopTabbar.m */ = {isa = PBXFileReference; fileEncoding = 4; lastKnownFileType = sourcecode.c.objc; path = SLTopTabbar.m; sourceTree = "<group>"; };
/* End PBXFileReference section */

/* Begin PBXFrameworksBuildPhase section */
		0ACC00751B7D0B81001F4902 /* Frameworks */ = {
			isa = PBXFrameworksBuildPhase;
			buildActionMask = 2147483647;
			files = (
			);
			runOnlyForDeploymentPostprocessing = 0;
		};
		0ACC008E1B7D0B81001F4902 /* Frameworks */ = {
			isa = PBXFrameworksBuildPhase;
			buildActionMask = 2147483647;
			files = (
			);
			runOnlyForDeploymentPostprocessing = 0;
		};
/* End PBXFrameworksBuildPhase section */

/* Begin PBXGroup section */
		0ACC006F1B7D0B81001F4902 = {
			isa = PBXGroup;
			children = (
				0ACC007A1B7D0B81001F4902 /* SLTopTabbar */,
				0ACC00941B7D0B81001F4902 /* SLTopTabbarTests */,
				0ACC00791B7D0B81001F4902 /* Products */,
			);
			sourceTree = "<group>";
		};
		0ACC00791B7D0B81001F4902 /* Products */ = {
			isa = PBXGroup;
			children = (
				0ACC00781B7D0B81001F4902 /* SLTopTabbar.app */,
				0ACC00911B7D0B81001F4902 /* SLTopTabbarTests.xctest */,
			);
			name = Products;
			sourceTree = "<group>";
		};
		0ACC007A1B7D0B81001F4902 /* SLTopTabbar */ = {
			isa = PBXGroup;
			children = (
				0ACC00A11B7D0BC2001F4902 /* SLAppDelegate.h */,
				0ACC00A21B7D0BC2001F4902 /* SLAppDelegate.m */,
				0ACC00A41B7D7C9A001F4902 /* SLViewController.h */,
				0ACC00A51B7D7C9A001F4902 /* SLViewController.m */,
				0ACC00A71B7D7CAF001F4902 /* SLTopTabbarController.h */,
				0ACC00A81B7D7CAF001F4902 /* SLTopTabbarController.m */,
				0ACC00AA1B7D935E001F4902 /* SLTopTabbar.h */,
				0ACC00AB1B7D935E001F4902 /* SLTopTabbar.m */,
				0ACC00881B7D0B81001F4902 /* Images.xcassets */,
				0ACC007B1B7D0B81001F4902 /* Supporting Files */,
			);
			path = SLTopTabbar;
			sourceTree = "<group>";
		};
		0ACC007B1B7D0B81001F4902 /* Supporting Files */ = {
			isa = PBXGroup;
			children = (
				0ACC007C1B7D0B81001F4902 /* Info.plist */,
				0ACC007D1B7D0B81001F4902 /* main.m */,
			);
			name = "Supporting Files";
			sourceTree = "<group>";
		};
		0ACC00941B7D0B81001F4902 /* SLTopTabbarTests */ = {
			isa = PBXGroup;
			children = (
				0ACC00971B7D0B81001F4902 /* SLTopTabbarTests.m */,
				0ACC00951B7D0B81001F4902 /* Supporting Files */,
			);
			path = SLTopTabbarTests;
			sourceTree = "<group>";
		};
		0ACC00951B7D0B81001F4902 /* Supporting Files */ = {
			isa = PBXGroup;
			children = (
				0ACC00961B7D0B81001F4902 /* Info.plist */,
			);
			name = "Supporting Files";
			sourceTree = "<group>";
		};
/* End PBXGroup section */

/* Begin PBXNativeTarget section */
		0ACC00771B7D0B81001F4902 /* SLTopTabbar */ = {
			isa = PBXNativeTarget;
			buildConfigurationList = 0ACC009B1B7D0B81001F4902 /* Build configuration list for PBXNativeTarget "SLTopTabbar" */;
			buildPhases = (
				0ACC00741B7D0B81001F4902 /* Sources */,
				0ACC00751B7D0B81001F4902 /* Frameworks */,
				0ACC00761B7D0B81001F4902 /* Resources */,
			);
			buildRules = (
			);
			dependencies = (
			);
			name = SLTopTabbar;
			productName = SLTopTabbar;
			productReference = 0ACC00781B7D0B81001F4902 /* SLTopTabbar.app */;
			productType = "com.apple.product-type.application";
		};
		0ACC00901B7D0B81001F4902 /* SLTopTabbarTests */ = {
			isa = PBXNativeTarget;
			buildConfigurationList = 0ACC009E1B7D0B81001F4902 /* Build configuration list for PBXNativeTarget "SLTopTabbarTests" */;
			buildPhases = (
				0ACC008D1B7D0B81001F4902 /* Sources */,
				0ACC008E1B7D0B81001F4902 /* Frameworks */,
				0ACC008F1B7D0B81001F4902 /* Resources */,
			);
			buildRules = (
			);
			dependencies = (
				0ACC00931B7D0B81001F4902 /* PBXTargetDependency */,
			);
			name = SLTopTabbarTests;
			productName = SLTopTabbarTests;
			productReference = 0ACC00911B7D0B81001F4902 /* SLTopTabbarTests.xctest */;
			productType = "com.apple.product-type.bundle.unit-test";
		};
/* End PBXNativeTarget section */

/* Begin PBXProject section */
		0ACC00701B7D0B81001F4902 /* Project object */ = {
			isa = PBXProject;
			attributes = {
				CLASSPREFIX = SL;
				LastUpgradeCheck = 0640;
				ORGANIZATIONNAME = "石乐";
				TargetAttributes = {
					0ACC00771B7D0B81001F4902 = {
						CreatedOnToolsVersion = 6.4;
					};
					0ACC00901B7D0B81001F4902 = {
						CreatedOnToolsVersion = 6.4;
						TestTargetID = 0ACC00771B7D0B81001F4902;
					};
				};
			};
			buildConfigurationList = 0ACC00731B7D0B81001F4902 /* Build configuration list for PBXProject "SLTopTabbar" */;
			compatibilityVersion = "Xcode 3.2";
			developmentRegion = English;
			hasScannedForEncodings = 0;
			knownRegions = (
				en,
				Base,
			);
			mainGroup = 0ACC006F1B7D0B81001F4902;
			productRefGroup = 0ACC00791B7D0B81001F4902 /* Products */;
			projectDirPath = "";
			projectRoot = "";
			targets = (
				0ACC00771B7D0B81001F4902 /* SLTopTabbar */,
				0ACC00901B7D0B81001F4902 /* SLTopTabbarTests */,
			);
		};
/* End PBXProject section */

/* Begin PBXResourcesBuildPhase section */
		0ACC00761B7D0B81001F4902 /* Resources */ = {
			isa = PBXResourcesBuildPhase;
			buildActionMask = 2147483647;
			files = (
				0ACC00891B7D0B81001F4902 /* Images.xcassets in Resources */,
			);
			runOnlyForDeploymentPostprocessing = 0;
		};
		0ACC008F1B7D0B81001F4902 /* Resources */ = {
			isa = PBXResourcesBuildPhase;
			buildActionMask = 2147483647;
			files = (
			);
			runOnlyForDeploymentPostprocessing = 0;
		};
/* End PBXResourcesBuildPhase section */

/* Begin PBXSourcesBuildPhase section */
		0ACC00741B7D0B81001F4902 /* Sources */ = {
			isa = PBXSourcesBuildPhase;
			buildActionMask = 2147483647;
			files = (
				0ACC00A91B7D7CAF001F4902 /* SLTopTabbarController.m in Sources */,
				0ACC007E1B7D0B81001F4902 /* main.m in Sources */,
				0ACC00A61B7D7C9A001F4902 /* SLViewController.m in Sources */,
				0ACC00A31B7D0BC2001F4902 /* SLAppDelegate.m in Sources */,
				0ACC00AC1B7D935E001F4902 /* SLTopTabbar.m in Sources */,
			);
			runOnlyForDeploymentPostprocessing = 0;
		};
		0ACC008D1B7D0B81001F4902 /* Sources */ = {
			isa = PBXSourcesBuildPhase;
			buildActionMask = 2147483647;
			files = (
				0ACC00981B7D0B81001F4902 /* SLTopTabbarTests.m in Sources */,
			);
			runOnlyForDeploymentPostprocessing = 0;
		};
/* End PBXSourcesBuildPhase section */

/* Begin PBXTargetDependency section */
		0ACC00931B7D0B81001F4902 /* PBXTargetDependency */ = {
			isa = PBXTargetDependency;
			target = 0ACC00771B7D0B81001F4902 /* SLTopTabbar */;
			targetProxy = 0ACC00921B7D0B81001F4902 /* PBXContainerItemProxy */;
		};
/* End PBXTargetDependency section */

/* Begin XCBuildConfiguration section */
		0ACC00991B7D0B81001F4902 /* Debug */ = {
			isa = XCBuildConfiguration;
			buildSettings = {
				ALWAYS_SEARCH_USER_PATHS = NO;
				CLANG_CXX_LANGUAGE_STANDARD = "gnu++0x";
				CLANG_CXX_LIBRARY = "libc++";
				CLANG_ENABLE_MODULES = YES;
				CLANG_ENABLE_OBJC_ARC = YES;
				CLANG_WARN_BOOL_CONVERSION = YES;
				CLANG_WARN_CONSTANT_CONVERSION = YES;
				CLANG_WARN_DIRECT_OBJC_ISA_USAGE = YES_ERROR;
				CLANG_WARN_EMPTY_BODY = YES;
				CLANG_WARN_ENUM_CONVERSION = YES;
				CLANG_WARN_INT_CONVERSION = YES;
				CLANG_WARN_OBJC_ROOT_CLASS = YES_ERROR;
				CLANG_WARN_UNREACHABLE_CODE = YES;
				CLANG_WARN__DUPLICATE_METHOD_MATCH = YES;
				"CODE_SIGN_IDENTITY[sdk=iphoneos*]" = "iPhone Developer";
				COPY_PHASE_STRIP = NO;
				DEBUG_INFORMATION_FORMAT = "dwarf-with-dsym";
				ENABLE_STRICT_OBJC_MSGSEND = YES;
				GCC_C_LANGUAGE_STANDARD = gnu99;
				GCC_DYNAMIC_NO_PIC = NO;
				GCC_NO_COMMON_BLOCKS = YES;
				GCC_OPTIMIZATION_LEVEL = 0;
				GCC_PREPROCESSOR_DEFINITIONS = (
					"DEBUG=1",
					"$(inherited)",
				);
				GCC_SYMBOLS_PRIVATE_EXTERN = NO;
				GCC_WARN_64_TO_32_BIT_CONVERSION = YES;
				GCC_WARN_ABOUT_RETURN_TYPE = YES_ERROR;
				GCC_WARN_UNDECLARED_SELECTOR = YES;
				GCC_WARN_UNINITIALIZED_AUTOS = YES_AGGRESSIVE;
				GCC_WARN_UNUSED_FUNCTION = YES;
				GCC_WARN_UNUSED_VARIABLE = YES;
				IPHONEOS_DEPLOYMENT_TARGET = 8.4;
				MTL_ENABLE_DEBUG_INFO = YES;
				ONLY_ACTIVE_ARCH = YES;
				SDKROOT = iphoneos;
			};
			name = Debug;
		};
		0ACC009A1B7D0B81001F4902 /* Release */ = {
			isa = XCBuildConfiguration;
			buildSettings = {
				ALWAYS_SEARCH_USER_PATHS = NO;
				CLANG_CXX_LANGUAGE_STANDARD = "gnu++0x";
				CLANG_CXX_LIBRARY = "libc++";
				CLANG_ENABLE_MODULES = YES;
				CLANG_ENABLE_OBJC_ARC = YES;
				CLANG_WARN_BOOL_CONVERSION = YES;
				CLANG_WARN_CONSTANT_CONVERSION = YES;
				CLANG_WARN_DIRECT_OBJC_ISA_USAGE = YES_ERROR;
				CLANG_WARN_EMPTY_BODY = YES;
				CLANG_WARN_ENUM_CONVERSION = YES;
				CLANG_WARN_INT_CONVERSION = YES;
				CLANG_WARN_OBJC_ROOT_CLASS = YES_ERROR;
				CLANG_WARN_UNREACHABLE_CODE = YES;
				CLANG_WARN__DUPLICATE_METHOD_MATCH = YES;
				"CODE_SIGN_IDENTITY[sdk=iphoneos*]" = "iPhone Developer";
				COPY_PHASE_STRIP = NO;
				DEBUG_INFORMATION_FORMAT = "dwarf-with-dsym";
				ENABLE_NS_ASSERTIONS = NO;
				ENABLE_STRICT_OBJC_MSGSEND = YES;
				GCC_C_LANGUAGE_STANDARD = gnu99;
				GCC_NO_COMMON_BLOCKS = YES;
				GCC_WARN_64_TO_32_BIT_CONVERSION = YES;
				GCC_WARN_ABOUT_RETURN_TYPE = YES_ERROR;
				GCC_WARN_UNDECLARED_SELECTOR = YES;
				GCC_WARN_UNINITIALIZED_AUTOS = YES_AGGRESSIVE;
				GCC_WARN_UNUSED_FUNCTION = YES;
				GCC_WARN_UNUSED_VARIABLE = YES;
				IPHONEOS_DEPLOYMENT_TARGET = 8.4;
				MTL_ENABLE_DEBUG_INFO = NO;
				SDKROOT = iphoneos;
				VALIDATE_PRODUCT = YES;
			};
			name = Release;
		};
		0ACC009C1B7D0B81001F4902 /* Debug */ = {
			isa = XCBuildConfiguration;
			buildSettings = {
				ASSETCATALOG_COMPILER_APPICON_NAME = AppIcon;
				ASSETCATALOG_COMPILER_LAUNCHIMAGE_NAME = LaunchImage;
				INFOPLIST_FILE = SLTopTabbar/Info.plist;
				LD_RUNPATH_SEARCH_PATHS = "$(inherited) @executable_path/Frameworks";
				PRODUCT_NAME = "$(TARGET_NAME)";
			};
			name = Debug;
		};
		0ACC009D1B7D0B81001F4902 /* Release */ = {
			isa = XCBuildConfiguration;
			buildSettings = {
				ASSETCATALOG_COMPILER_APPICON_NAME = AppIcon;
				ASSETCATALOG_COMPILER_LAUNCHIMAGE_NAME = LaunchImage;
				INFOPLIST_FILE = SLTopTabbar/Info.plist;
				LD_RUNPATH_SEARCH_PATHS = "$(inherited) @executable_path/Frameworks";
				PRODUCT_NAME = "$(TARGET_NAME)";
			};
			name = Release;
		};
		0ACC009F1B7D0B81001F4902 /* Debug */ = {
			isa = XCBuildConfiguration;
			buildSettings = {
				BUNDLE_LOADER = "$(TEST_HOST)";
				FRAMEWORK_SEARCH_PATHS = (
					"$(SDKROOT)/Developer/Library/Frameworks",
					"$(inherited)",
				);
				GCC_PREPROCESSOR_DEFINITIONS = (
					"DEBUG=1",
					"$(inherited)",
				);
				INFOPLIST_FILE = SLTopTabbarTests/Info.plist;
				LD_RUNPATH_SEARCH_PATHS = "$(inherited) @executable_path/Frameworks @loader_path/Frameworks";
				PRODUCT_NAME = "$(TARGET_NAME)";
				TEST_HOST = "$(BUILT_PRODUCTS_DIR)/SLTopTabbar.app/SLTopTabbar";
			};
			name = Debug;
		};
		0ACC00A01B7D0B81001F4902 /* Release */ = {
			isa = XCBuildConfiguration;
			buildSettings = {
				BUNDLE_LOADER = "$(TEST_HOST)";
				FRAMEWORK_SEARCH_PATHS = (
					"$(SDKROOT)/Developer/Library/Frameworks",
					"$(inherited)",
				);
				INFOPLIST_FILE = SLTopTabbarTests/Info.plist;
				LD_RUNPATH_SEARCH_PATHS = "$(inherited) @executable_path/Frameworks @loader_path/Frameworks";
				PRODUCT_NAME = "$(TARGET_NAME)";
				TEST_HOST = "$(BUILT_PRODUCTS_DIR)/SLTopTabbar.app/SLTopTabbar";
			};
			name = Release;
		};
/* End XCBuildConfiguration section */

/* Begin XCConfigurationList section */
		0ACC00731B7D0B81001F4902 /* Build configuration list for PBXProject "SLTopTabbar" */ = {
			isa = XCConfigurationList;
			buildConfigurations = (
				0ACC00991B7D0B81001F4902 /* Debug */,
				0ACC009A1B7D0B81001F4902 /* Release */,
			);
			defaultConfigurationIsVisible = 0;
			defaultConfigurationName = Release;
		};
		0ACC009B1B7D0B81001F4902 /* Build configuration list for PBXNativeTarget "SLTopTabbar" */ = {
			isa = XCConfigurationList;
			buildConfigurations = (
				0ACC009C1B7D0B81001F4902 /* Debug */,
				0ACC009D1B7D0B81001F4902 /* Release */,
			);
			defaultConfigurationIsVisible = 0;
		};
		0ACC009E1B7D0B81001F4902 /* Build configuration list for PBXNativeTarget "SLTopTabbarTests" */ = {
			isa = XCConfigurationList;
			buildConfigurations = (
				0ACC009F1B7D0B81001F4902 /* Debug */,
				0ACC00A01B7D0B81001F4902 /* Release */,
			);
			defaultConfigurationIsVisible = 0;
		};
/* End XCConfigurationList section */
	};
	rootObject = 0ACC00701B7D0B81001F4902 /* Project object */;
}
